Microsoft Visual Studio Solution File, Format Version 12.00
# Visual Studio Version 17
VisualStudioVersion = 17.5.2.0
MinimumVisualStudioVersion = 10.0.40219.1
Project("{FAE04EC0-301F-11D3-BF4B-00C04F79EFBC}") = "SynapseHealthAssessment", "SynapseHealthAssessment.csproj", "{380FFE2B-6CF6-1AA4-476F-57B8BF4987CB}"
EndProject
Global
	GlobalSection(SolutionConfigurationPlatforms) = preSolution
		Debug|Any CPU = Debug|Any CPU
		Release|Any CPU = Release|Any CPU
	EndGlobalSection
	GlobalSection(ProjectConfigurationPlatforms) = postSolution
		{380FFE2B-6CF6-1AA4-476F-57B8BF4987CB}.Debug|Any CPU.ActiveCfg = Debug|Any CPU
		{380FFE2B-6CF6-1AA4-476F-57B8BF4987CB}.Debug|Any CPU.Build.0 = Debug|Any CPU
		{380FFE2B-6CF6-1AA4-476F-57B8BF4987CB}.Release|Any CPU.ActiveCfg = Release|Any CPU
		{380FFE2B-6CF6-1AA4-476F-57B8BF4987CB}.Release|Any CPU.Build.0 = Release|Any CPU
		{36BC0B33-A59E-D0CE-21DF-4FAD70206692}.Debug|Any CPU.ActiveCfg = Debug|Any CPU
		{36BC0B33-A59E-D0CE-21DF-4FAD70206692}.Debug|Any CPU.Build.0 = Debug|Any CPU
		{36BC0B33-A59E-D0CE-21DF-4FAD70206692}.Release|Any CPU.ActiveCfg = Release|Any CPU
		{36BC0B33-A59E-D0CE-21DF-4FAD70206692}.Release|Any CPU.Build.0 = Release|Any CPU
	EndGlobalSection
	GlobalSection(SolutionProperties) = preSolution
		HideSolutionNode = FALSE
	EndGlobalSection
	GlobalSection(ExtensibilityGlobals) = postSolution
		SolutionGuid = {1532299F-7EDD-4DA7-BBC6-CD28BDE70537}
	EndGlobalSection
EndGlobal
